
Microsoft Visual Studio Solution File, Format Version 12.00
# Visual Studio Version 16
VisualStudioVersion = 25.0.1700.0
MinimumVisualStudioVersion = 10.0.40219.1
Project("{FAE04EC0-301F-11D3-BF4B-00C04F79EFBC}") = "CommunityLibrary", "CommunityLibrary\CommunityLibrary.csproj", "{7827A5B5-C63D-4976-8871-068D0E3538C3}"
EndProject
Global
	GlobalSection(SolutionConfigurationPlatforms) = preSolution
		Debug|Any CPU = Debug|Any CPU
		Release|Any CPU = Release|Any CPU
	EndGlobalSection
	GlobalSection(ProjectConfigurationPlatforms) = postSolution
		{7827A5B5-C63D-4976-8871-068D0E3538C3}.Debug|Any CPU.ActiveCfg = Debug|Any CPU
		{7827A5B5-C63D-4976-8871-068D0E3538C3}.Debug|Any CPU.Build.0 = Debug|Any CPU
		{7827A5B5-C63D-4976-8871-068D0E3538C3}.Release|Any CPU.ActiveCfg = Release|Any CPU
		{7827A5B5-C63D-4976-8871-068D0E3538C3}.Release|Any CPU.Build.0 = Release|Any CPU
	EndGlobalSection
	GlobalSection(SolutionProperties) = preSolution
		HideSolutionNode = FALSE
	EndGlobalSection
	GlobalSection(ExtensibilityGlobals) = postSolution
		SolutionGuid = {E0635C46-FFA4-4B2E-B1D0-F7AE3198C314}
	EndGlobalSection
EndGlobal
